PODS:
  - Flutter (1.0.0)
  - flutter_activity_recognition (0.0.1):
    - Flutter
  - flutter_keyboard_visibility (0.0.1):
    - Flutter
  - geolocator_apple (1.2.0):
    - Flutter
  - mapbox_maps_flutter (1.1.0):
    - Flutter
    - MapboxMaps (~> 11.3.0)
  - MapboxCommon (24.3.1)
  - MapboxCoreMaps (11.3.0):
    - MapboxCommon (~> 24.3)
  - MapboxMaps (11.3.0):
    - MapboxCommon (= 24.3.1)
    - MapboxCoreMaps (= 11.3.0)
    - Turf (= 2.8.0)
  - pedometer (0.0.1):
    - Flutter
  - shared_preferences_foundation (0.0.1):
    - Flutter
    - FlutterMacOS
  - Turf (2.8.0)
  - url_launcher_ios (0.0.1):
    - Flutter

DEPENDENCIES:
  - Flutter (from `Flutter`)
  - flutter_activity_recognition (from `.symlinks/plugins/flutter_activity_recognition/ios`)
  - flutter_keyboard_visibility (from `.symlinks/plugins/flutter_keyboard_visibility/ios`)
  - geolocator_apple (from `.symlinks/plugins/geolocator_apple/ios`)
  - mapbox_maps_flutter (from `.symlinks/plugins/mapbox_maps_flutter/ios`)
  - pedometer (from `.symlinks/plugins/pedometer/ios`)
  - shared_preferences_foundation (from `.symlinks/plugins/shared_preferences_foundation/darwin`)
  - url_launcher_ios (from `.symlinks/plugins/url_launcher_ios/ios`)

SPEC REPOS:
  trunk:
    - MapboxCommon
    - MapboxCoreMaps
    - MapboxMaps
    - Turf

EXTERNAL SOURCES:
  Flutter:
    :path: Flutter
  flutter_activity_recognition:
    :path: ".symlinks/plugins/flutter_activity_recognition/ios"
  flutter_keyboard_visibility:
    :path: ".symlinks/plugins/flutter_keyboard_visibility/ios"
  geolocator_apple:
    :path: ".symlinks/plugins/geolocator_apple/ios"
  mapbox_maps_flutter:
    :path: ".symlinks/plugins/mapbox_maps_flutter/ios"
  pedometer:
    :path: ".symlinks/plugins/pedometer/ios"
  shared_preferences_foundation:
    :path: ".symlinks/plugins/shared_preferences_foundation/darwin"
  url_launcher_ios:
    :path: ".symlinks/plugins/url_launcher_ios/ios"

SPEC CHECKSUMS:
  Flutter: e0871f40cf51350855a761d2e70bf5af5b9b5de7
  flutter_activity_recognition: 5c3b026997742b01e82424ef257db9640822ad77
  flutter_keyboard_visibility: 0339d06371254c3eb25eeb90ba8d17dca8f9c069
  geolocator_apple: 6cbaf322953988e009e5ecb481f07efece75c450
  mapbox_maps_flutter: 0425c56f1f51fe8c46069a9e03f1027e3ade35d7
  MapboxCommon: e6d0d15f1e34278e21bae28bdc548d378757b51e
  MapboxCoreMaps: 0e3eab0bd5787e833d48261fa1d01f356d6c4ad8
  MapboxMaps: 5aba2ba70a85d08e0ea00ad011ca3d2965e69a59
  pedometer: 381969883680ade42559782cc41a3bbd453d8234
  shared_preferences_foundation: b4c3b4cddf1c21f02770737f147a3f5da9d39695
  Turf: aa2ede4298009639d10db36aba1a7ebaad072a5e
  url_launcher_ios: 6116280ddcfe98ab8820085d8d76ae7449447586

PODFILE CHECKSUM: 819463e6a0290f5a72f145ba7cde16e8b6ef0796

COCOAPODS: 1.15.2
